
Microsoft Visual Studio Solution File, Format Version 12.00
# Visual Studio Version 16
VisualStudioVersion = 16.0.29709.97
MinimumVisualStudioVersion = 10.0.40219.1
Project("{FAE04EC0-301F-11D3-BF4B-00C04F79EFBC}") = "CocoFechas01", "CocoFechas01.csproj", "{5C25ECE8-7D5C-404E-94DB-5B7D5C78ADF9}"
EndProject
Global
	GlobalSection(SolutionConfigurationPlatforms) = preSolution
		Debug|Any CPU = Debug|Any CPU
		Release|Any CPU = Release|Any CPU
	EndGlobalSection
	GlobalSection(ProjectConfigurationPlatforms) = postSolution
		{5C25ECE8-7D5C-404E-94DB-5B7D5C78ADF9}.Debug|Any CPU.ActiveCfg = Debug|Any CPU
		{5C25ECE8-7D5C-404E-94DB-5B7D5C78ADF9}.Debug|Any CPU.Build.0 = Debug|Any CPU
		{5C25ECE8-7D5C-404E-94DB-5B7D5C78ADF9}.Release|Any CPU.ActiveCfg = Release|Any CPU
		{5C25ECE8-7D5C-404E-94DB-5B7D5C78ADF9}.Release|Any CPU.Build.0 = Release|Any CPU
	EndGlobalSection
	GlobalSection(SolutionProperties) = preSolution
		HideSolutionNode = FALSE
	EndGlobalSection
	GlobalSection(ExtensibilityGlobals) = postSolution
		SolutionGuid = {752A43D2-095E-40CE-ADBF-22C43415356B}
	EndGlobalSection
EndGlobal
